
Microsoft Visual Studio Solution File, Format Version 12.00
# Visual Studio Version 16
VisualStudioVersion = 16.0.31624.102
MinimumVisualStudioVersion = 10.0.40219.1
Project("{9A19103F-16F7-4668-BE54-9A1E7A4F7556}") = "TARpe19TodoApp", "TARpe19TodoApp.csproj", "{BA16A24A-DC33-451E-9A44-D6271E742962}"
EndProject
Global
	GlobalSection(SolutionConfigurationPlatforms) = preSolution
		Debug|Any CPU = Debug|Any CPU
		Release|Any CPU = Release|Any CPU
	EndGlobalSection
	GlobalSection(ProjectConfigurationPlatforms) = postSolution
		{BA16A24A-DC33-451E-9A44-D6271E742962}.Debug|Any CPU.ActiveCfg = Debug|Any CPU
		{BA16A24A-DC33-451E-9A44-D6271E742962}.Debug|Any CPU.Build.0 = Debug|Any CPU
		{BA16A24A-DC33-451E-9A44-D6271E742962}.Release|Any CPU.ActiveCfg = Release|Any CPU
		{BA16A24A-DC33-451E-9A44-D6271E742962}.Release|Any CPU.Build.0 = Release|Any CPU
	EndGlobalSection
	GlobalSection(SolutionProperties) = preSolution
		HideSolutionNode = FALSE
	EndGlobalSection
	GlobalSection(ExtensibilityGlobals) = postSolution
		SolutionGuid = {0DCB903C-FDF7-4420-8C61-25D25C46C096}
	EndGlobalSection
EndGlobal
